// !$*UTF8*$!
{
	archiveVersion = 1;
	classes = {
	};
	objectVersion = 77;
	objects = {

/* Begin PBXBuildFile section */
		15923A832E6A980000EAC248 /* Assets.xcassets in Resources */ = {isa = PBXBuildFile; fileRef = 15923A822E6A980000EAC248 /* Assets.xcassets */; };
/* End PBXBuildFile section */

/* Begin PBXContainerItemProxy section */
		150942952E5A4E0C009F3847 /* PBXContainerItemProxy */ = {
			isa = PBXContainerItemProxy;
			containerPortal = 1509427A2E5A4E0B009F3847 /* Project object */;
			proxyType = 1;
			remoteGlobalIDString = 150942812E5A4E0B009F3847;
			remoteInfo = ThirtyDayMe;
		};
		1509429F2E5A4E0C009F3847 /* PBXContainerItemProxy */ = {
			isa = PBXContainerItemProxy;
			containerPortal = 1509427A2E5A4E0B009F3847 /* Project object */;
			proxyType = 1;
			remoteGlobalIDString = 150942812E5A4E0B009F3847;
			remoteInfo = ThirtyDayMe;
		};
/* End PBXContainerItemProxy section */

/* Begin PBXFileReference section */
		150942822E5A4E0B009F3847 /* ThirtyDayMe.app */ = {isa = PBXFileReference; explicitFileType = wrapper.application; includeInIndex = 0; path = ThirtyDayMe.app; sourceTree = BUILT_PRODUCTS_DIR; };
		150942942E5A4E0C009F3847 /* ThirtyDayMeTests.xctest */ = {isa = PBXFileReference; explicitFileType = wrapper.cfbundle; includeInIndex = 0; path = ThirtyDayMeTests.xctest; sourceTree = BUILT_PRODUCTS_DIR; };
		1509429E2E5A4E0C009F3847 /* ThirtyDayMeUITests.xctest */ = {isa = PBXFileReference; explicitFileType = wrapper.cfbundle; includeInIndex = 0; path = ThirtyDayMeUITests.xctest; sourceTree = BUILT_PRODUCTS_DIR; };
		15923A822E6A980000EAC248 /* Assets.xcassets */ = {isa = PBXFileReference; lastKnownFileType = folder.assetcatalog; path = Assets.xcassets; sourceTree = "<group>"; };
/* End PBXFileReference section */

/* Begin PBXFileSystemSynchronizedRootGroup section */
		150942842E5A4E0B009F3847 /* ThirtyDayMe */ = {
			isa = PBXFileSystemSynchronizedRootGroup;
			path = ThirtyDayMe;
			sourceTree = "<group>";
		};
		150942972E5A4E0C009F3847 /* ThirtyDayMeTests */ = {
			isa = PBXFileSystemSynchronizedRootGroup;
			path = ThirtyDayMeTests;
			sourceTree = "<group>";
		};
		150942A12E5A4E0C009F3847 /* ThirtyDayMeUITests */ = {
			isa = PBXFileSystemSynchronizedRootGroup;
			path = ThirtyDayMeUITests;
			sourceTree = "<group>";
		};
/* End PBXFileSystemSynchronizedRootGroup section */

/* Begin PBXFrameworksBuildPhase section */
		1509427F2E5A4E0B009F3847 /* Frameworks */ = {
			isa = PBXFrameworksBuildPhase;
			buildActionMask = 2147483647;
			files = (
			);
			runOnlyForDeploymentPostprocessing = 0;
		};
		150942912E5A4E0C009F3847 /* Frameworks */ = {
			isa = PBXFrameworksBuildPhase;
			buildActionMask = 2147483647;
			files = (
			);
			runOnlyForDeploymentPostprocessing = 0;
		};
		1509429B2E5A4E0C009F3847 /* Frameworks */ = {
			isa = PBXFrameworksBuildPhase;
			buildActionMask = 2147483647;
			files = (
			);
			runOnlyForDeploymentPostprocessing = 0;
		};
/* End PBXFrameworksBuildPhase section */

/* Begin PBXGroup section */
		150942792E5A4E0B009F3847 = {
			isa = PBXGroup;
			children = (
				15923A822E6A980000EAC248 /* Assets.xcassets */,
				150942842E5A4E0B009F3847 /* ThirtyDayMe */,
				150942972E5A4E0C009F3847 /* ThirtyDayMeTests */,
				150942A12E5A4E0C009F3847 /* ThirtyDayMeUITests */,
				150942832E5A4E0B009F3847 /* Products */,
			);
			sourceTree = "<group>";
		};
		150942832E5A4E0B009F3847 /* Products */ = {
			isa = PBXGroup;
			children = (
				150942822E5A4E0B009F3847 /* ThirtyDayMe.app */,
				150942942E5A4E0C009F3847 /* ThirtyDayMeTests.xctest */,
				1509429E2E5A4E0C009F3847 /* ThirtyDayMeUITests.xctest */,
			);
			name = Products;
			sourceTree = "<group>";
		};
/* End PBXGroup section */

/* Begin PBXNativeTarget section */
		150942812E5A4E0B009F3847 /* ThirtyDayMe */ = {
			isa = PBXNativeTarget;
			buildConfigurationList = 150942A82E5A4E0C009F3847 /* Build configuration list for PBXNativeTarget "ThirtyDayMe" */;
			buildPhases = (
				1509427E2E5A4E0B009F3847 /* Sources */,
				1509427F2E5A4E0B009F3847 /* Frameworks */,
				150942802E5A4E0B009F3847 /* Resources */,
			);
			buildRules = (
			);
			dependencies = (
			);
			fileSystemSynchronizedGroups = (
				150942842E5A4E0B009F3847 /* ThirtyDayMe */,
			);
			name = ThirtyDayMe;
			packageProductDependencies = (
			);
			productName = ThirtyDayMe;
			productReference = 150942822E5A4E0B009F3847 /* ThirtyDayMe.app */;
			productType = "com.apple.product-type.application";
		};
		150942932E5A4E0C009F3847 /* ThirtyDayMeTests */ = {
			isa = PBXNativeTarget;
			buildConfigurationList = 150942AB2E5A4E0C009F3847 /* Build configuration list for PBXNativeTarget "ThirtyDayMeTests" */;
			buildPhases = (
				150942902E5A4E0C009F3847 /* Sources */,
				150942912E5A4E0C009F3847 /* Frameworks */,
				150942922E5A4E0C009F3847 /* Resources */,
			);
			buildRules = (
			);
			dependencies = (
				150942962E5A4E0C009F3847 /* PBXTargetDependency */,
			);
			fileSystemSynchronizedGroups = (
				150942972E5A4E0C009F3847 /* ThirtyDayMeTests */,
			);
			name = ThirtyDayMeTests;
			packageProductDependencies = (
			);
			productName = ThirtyDayMeTests;
			productReference = 150942942E5A4E0C009F3847 /* ThirtyDayMeTests.xctest */;
			productType = "com.apple.product-type.bundle.unit-test";
		};
		1509429D2E5A4E0C009F3847 /* ThirtyDayMeUITests */ = {
			isa = PBXNativeTarget;
			buildConfigurationList = 150942AE2E5A4E0C009F3847 /* Build configuration list for PBXNativeTarget "ThirtyDayMeUITests" */;
			buildPhases = (
				1509429A2E5A4E0C009F3847 /* Sources */,
				1509429B2E5A4E0C009F3847 /* Frameworks */,
				1509429C2E5A4E0C009F3847 /* Resources */,
			);
			buildRules = (
			);
			dependencies = (
				150942A02E5A4E0C009F3847 /* PBXTargetDependency */,
			);
			fileSystemSynchronizedGroups = (
				150942A12E5A4E0C009F3847 /* ThirtyDayMeUITests */,
			);
			name = ThirtyDayMeUITests;
			packageProductDependencies = (
			);
			productName = ThirtyDayMeUITests;
			productReference = 1509429E2E5A4E0C009F3847 /* ThirtyDayMeUITests.xctest */;
			productType = "com.apple.product-type.bundle.ui-testing";
		};
/* End PBXNativeTarget section */

/* Begin PBXProject section */
		1509427A2E5A4E0B009F3847 /* Project object */ = {
			isa = PBXProject;
			attributes = {
				BuildIndependentTargetsInParallel = 1;
				LastSwiftUpdateCheck = 1620;
				LastUpgradeCheck = 1620;
				TargetAttributes = {
					150942812E5A4E0B009F3847 = {
						CreatedOnToolsVersion = 16.2;
					};
					150942932E5A4E0C009F3847 = {
						CreatedOnToolsVersion = 16.2;
						TestTargetID = 150942812E5A4E0B009F3847;
					};
					1509429D2E5A4E0C009F3847 = {
						CreatedOnToolsVersion = 16.2;
						TestTargetID = 150942812E5A4E0B009F3847;
					};
				};
			};
			buildConfigurationList = 1509427D2E5A4E0B009F3847 /* Build configuration list for PBXProject "ThirtyDayMe" */;
			developmentRegion = en;
			hasScannedForEncodings = 0;
			knownRegions = (
				en,
				Base,
			);
			mainGroup = 150942792E5A4E0B009F3847;
			minimizedProjectReferenceProxies = 1;
			preferredProjectObjectVersion = 77;
			productRefGroup = 150942832E5A4E0B009F3847 /* Products */;
			projectDirPath = "";
			projectRoot = "";
			targets = (
				150942812E5A4E0B009F3847 /* ThirtyDayMe */,
				150942932E5A4E0C009F3847 /* ThirtyDayMeTests */,
				1509429D2E5A4E0C009F3847 /* ThirtyDayMeUITests */,
			);
		};
/* End PBXProject section */

/* Begin PBXResourcesBuildPhase section */
		150942802E5A4E0B009F3847 /* Resources */ = {
			isa = PBXResourcesBuildPhase;
			buildActionMask = 2147483647;
			files = (
				15923A832E6A980000EAC248 /* Assets.xcassets in Resources */,
			);
			runOnlyForDeploymentPostprocessing = 0;
		};
		150942922E5A4E0C009F3847 /* Resources */ = {
			isa = PBXResourcesBuildPhase;
			buildActionMask = 2147483647;
			files = (
			);
			runOnlyForDeploymentPostprocessing = 0;
		};
		1509429C2E5A4E0C009F3847 /* Resources */ = {
			isa = PBXResourcesBuildPhase;
			buildActionMask = 2147483647;
			files = (
			);
			runOnlyForDeploymentPostprocessing = 0;
		};
/* End PBXResourcesBuildPhase section */

/* Begin PBXSourcesBuildPhase section */
		1509427E2E5A4E0B009F3847 /* Sources */ = {
			isa = PBXSourcesBuildPhase;
			buildActionMask = 2147483647;
			files = (
			);
			runOnlyForDeploymentPostprocessing = 0;
		};
		150942902E5A4E0C009F3847 /* Sources */ = {
			isa = PBXSourcesBuildPhase;
			buildActionMask = 2147483647;
			files = (
			);
			runOnlyForDeploymentPostprocessing = 0;
		};
		1509429A2E5A4E0C009F3847 /* Sources */ = {
			isa = PBXSourcesBuildPhase;
			buildActionMask = 2147483647;
			files = (
			);
			runOnlyForDeploymentPostprocessing = 0;
		};
/* End PBXSourcesBuildPhase section */

/* Begin PBXTargetDependency section */
		150942962E5A4E0C009F3847 /* PBXTargetDependency */ = {
			isa = PBXTargetDependency;
			target = 150942812E5A4E0B009F3847 /* ThirtyDayMe */;
			targetProxy = 150942952E5A4E0C009F3847 /* PBXContainerItemProxy */;
		};
		150942A02E5A4E0C009F3847 /* PBXTargetDependency */ = {
			isa = PBXTargetDependency;
			target = 150942812E5A4E0B009F3847 /* ThirtyDayMe */;
			targetProxy = 1509429F2E5A4E0C009F3847 /* PBXContainerItemProxy */;
		};
/* End PBXTargetDependency section */

/* Begin XCBuildConfiguration section */
		150942A62E5A4E0C009F3847 /* Debug */ = {
			isa = XCBuildConfiguration;
			buildSettings = {
				ALWAYS_SEARCH_USER_PATHS = NO;
				ASSETCATALOG_COMPILER_GENERATE_SWIFT_ASSET_SYMBOL_EXTENSIONS = YES;
				CLANG_ANALYZER_NONNULL = YES;
				CLANG_ANALYZER_NUMBER_OBJECT_CONVERSION = YES_AGGRESSIVE;
				CLANG_CXX_LANGUAGE_STANDARD = "gnu++20";
				CLANG_ENABLE_MODULES = YES;
				CLANG_ENABLE_OBJC_ARC = YES;
				CLANG_ENABLE_OBJC_WEAK = YES;
				CLANG_WARN_BLOCK_CAPTURE_AUTORELEASING = YES;
				CLANG_WARN_BOOL_CONVERSION = YES;
				CLANG_WARN_COMMA = YES;
				CLANG_WARN_CONSTANT_CONVERSION = YES;
				CLANG_WARN_DEPRECATED_OBJC_IMPLEMENTATIONS = YES;
				CLANG_WARN_DIRECT_OBJC_ISA_USAGE = YES_ERROR;
				CLANG_WARN_DOCUMENTATION_COMMENTS = YES;
				CLANG_WARN_EMPTY_BODY = YES;
				CLANG_WARN_ENUM_CONVERSION = YES;
				CLANG_WARN_INFINITE_RECURSION = YES;
				CLANG_WARN_INT_CONVERSION = YES;
				CLANG_WARN_NON_LITERAL_NULL_CONVERSION = YES;
				CLANG_WARN_OBJC_IMPLICIT_RETAIN_SELF = YES;
				CLANG_WARN_OBJC_LITERAL_CONVERSION = YES;
				CLANG_WARN_OBJC_ROOT_CLASS = YES_ERROR;
				CLANG_WARN_QUOTED_INCLUDE_IN_FRAMEWORK_HEADER = YES;
				CLANG_WARN_RANGE_LOOP_ANALYSIS = YES;
				CLANG_WARN_STRICT_PROTOTYPES = YES;
				CLANG_WARN_SUSPICIOUS_MOVE = YES;
				CLANG_WARN_UNGUARDED_AVAILABILITY = YES_AGGRESSIVE;
				CLANG_WARN_UNREACHABLE_CODE = YES;
				CLANG_WARN__DUPLICATE_METHOD_MATCH = YES;
				COPY_PHASE_STRIP = NO;
				DEBUG_INFORMATION_FORMAT = dwarf;
				ENABLE_STRICT_OBJC_MSGSEND = YES;
				ENABLE_TESTABILITY = YES;
				ENABLE_USER_SCRIPT_SANDBOXING = YES;
				GCC_C_LANGUAGE_STANDARD = gnu17;
				GCC_DYNAMIC_NO_PIC = NO;
				GCC_NO_COMMON_BLOCKS = YES;
				GCC_OPTIMIZATION_LEVEL = 0;
				GCC_PREPROCESSOR_DEFINITIONS = (
					"DEBUG=1",
					"$(inherited)",
				);
				GCC_WARN_64_TO_32_BIT_CONVERSION = YES;
				GCC_WARN_ABOUT_RETURN_TYPE = YES_ERROR;
				GCC_WARN_UNDECLARED_SELECTOR = YES;
				GCC_WARN_UNINITIALIZED_AUTOS = YES_AGGRESSIVE;
				GCC_WARN_UNUSED_FUNCTION = YES;
				GCC_WARN_UNUSED_VARIABLE = YES;
				IPHONEOS_DEPLOYMENT_TARGET = 18.2;
				LOCALIZATION_PREFERS_STRING_CATALOGS = YES;
				MTL_ENABLE_DEBUG_INFO = INCLUDE_SOURCE;
				MTL_FAST_MATH = YES;
				ONLY_ACTIVE_ARCH = YES;
				SDKROOT = iphoneos;
				SWIFT_ACTIVE_COMPILATION_CONDITIONS = "DEBUG $(inherited)";
				SWIFT_OPTIMIZATION_LEVEL = "-Onone";
			};
			name = Debug;
		};
		150942A72E5A4E0C009F3847 /* Release */ = {
			isa = XCBuildConfiguration;
			buildSettings = {
				ALWAYS_SEARCH_USER_PATHS = NO;
				ASSETCATALOG_COMPILER_GENERATE_SWIFT_ASSET_SYMBOL_EXTENSIONS = YES;
				CLANG_ANALYZER_NONNULL = YES;
				CLANG_ANALYZER_NUMBER_OBJECT_CONVERSION = YES_AGGRESSIVE;
				CLANG_CXX_LANGUAGE_STANDARD = "gnu++20";
				CLANG_ENABLE_MODULES = YES;
				CLANG_ENABLE_OBJC_ARC = YES;
				CLANG_ENABLE_OBJC_WEAK = YES;
				CLANG_WARN_BLOCK_CAPTURE_AUTORELEASING = YES;
				CLANG_WARN_BOOL_CONVERSION = YES;
				CLANG_WARN_COMMA = YES;
				CLANG_WARN_CONSTANT_CONVERSION = YES;
				CLANG_WARN_DEPRECATED_OBJC_IMPLEMENTATIONS = YES;
				CLANG_WARN_DIRECT_OBJC_ISA_USAGE = YES_ERROR;
				CLANG_WARN_DOCUMENTATION_COMMENTS = YES;
				CLANG_WARN_EMPTY_BODY = YES;
				CLANG_WARN_ENUM_CONVERSION = YES;
				CLANG_WARN_INFINITE_RECURSION = YES;
				CLANG_WARN_INT_CONVERSION = YES;
				CLANG_WARN_NON_LITERAL_NULL_CONVERSION = YES;
				CLANG_WARN_OBJC_IMPLICIT_RETAIN_SELF = YES;
				CLANG_WARN_OBJC_LITERAL_CONVERSION = YES;
				CLANG_WARN_OBJC_ROOT_CLASS = YES_ERROR;
				CLANG_WARN_QUOTED_INCLUDE_IN_FRAMEWORK_HEADER = YES;
				CLANG_WARN_RANGE_LOOP_ANALYSIS = YES;
				CLANG_WARN_STRICT_PROTOTYPES = YES;
				CLANG_WARN_SUSPICIOUS_MOVE = YES;
				CLANG_WARN_UNGUARDED_AVAILABILITY = YES_AGGRESSIVE;
				CLANG_WARN_UNREACHABLE_CODE = YES;
				CLANG_WARN__DUPLICATE_METHOD_MATCH = YES;
				COPY_PHASE_STRIP = NO;
				DEBUG_INFORMATION_FORMAT = "dwarf-with-dsym";
				ENABLE_NS_ASSERTIONS = NO;
				ENABLE_STRICT_OBJC_MSGSEND = YES;
				ENABLE_USER_SCRIPT_SANDBOXING = YES;
				GCC_C_LANGUAGE_STANDARD = gnu17;
				GCC_NO_COMMON_BLOCKS = YES;
				GCC_WARN_64_TO_32_BIT_CONVERSION = YES;
				GCC_WARN_ABOUT_RETURN_TYPE = YES_ERROR;
				GCC_WARN_UNDECLARED_SELECTOR = YES;
				GCC_WARN_UNINITIALIZED_AUTOS = YES_AGGRESSIVE;
				GCC_WARN_UNUSED_FUNCTION = YES;
				GCC_WARN_UNUSED_VARIABLE = YES;
				IPHONEOS_DEPLOYMENT_TARGET = 18.2;
				LOCALIZATION_PREFERS_STRING_CATALOGS = YES;
				MTL_ENABLE_DEBUG_INFO = NO;
				MTL_FAST_MATH = YES;
				SDKROOT = iphoneos;
				SWIFT_COMPILATION_MODE = wholemodule;
				VALIDATE_PRODUCT = YES;
			};
			name = Release;
		};
		150942A92E5A4E0C009F3847 /* Debug */ = {
			isa = XCBuildConfiguration;
			buildSettings = {
				ASSETCATALOG_COMPILER_APPICON_NAME = AppIcon;
				ASSETCATALOG_COMPILER_GLOBAL_ACCENT_COLOR_NAME = AccentColor;
				ASSETCATALOG_COMPILER_INCLUDE_ALL_APPICON_ASSETS = YES;
				CODE_SIGN_STYLE = Automatic;
				CURRENT_PROJECT_VERSION = 1;
				DEVELOPMENT_ASSET_PATHS = "\"ThirtyDayMe/Preview Content\"";
				DEVELOPMENT_TEAM = RMV469Q2GF;
				ENABLE_PREVIEWS = YES;
				GENERATE_INFOPLIST_FILE = YES;
				INFOPLIST_KEY_CFBundleDisplayName = "30 Day Me";
				INFOPLIST_KEY_LSApplicationCategoryType = "public.app-category.education";
				INFOPLIST_KEY_UIApplicationSceneManifest_Generation = YES;
				INFOPLIST_KEY_UIApplicationSupportsIndirectInputEvents = YES;
				INFOPLIST_KEY_UILaunchScreen_Generation = YES;
				INFOPLIST_KEY_UIStatusBarStyle = "";
				INFOPLIST_KEY_UISupportedInterfaceOrientations = UIInterfaceOrientationPortrait;
				INFOPLIST_KEY_UISupportedInterfaceOrientations_iPad = "UIInterfaceOrientationLandscapeLeft UIInterfaceOrientationLandscapeRight UIInterfaceOrientationPortrait UIInterfaceOrientationPortraitUpsideDown";
				LD_RUNPATH_SEARCH_PATHS = (
					"$(inherited)",
					"@executable_path/Frameworks",
				);
				MARKETING_VERSION = 1.0;
				PRODUCT_BUNDLE_IDENTIFIER = ThirtyDayMe.ThirtyDayMe;
				PRODUCT_NAME = "$(TARGET_NAME)";
				SUPPORTED_PLATFORMS = "iphoneos iphonesimulator";
				SUPPORTS_MACCATALYST = NO;
				SUPPORTS_MAC_DESIGNED_FOR_IPHONE_IPAD = NO;
				SUPPORTS_XR_DESIGNED_FOR_IPHONE_IPAD = NO;
				SWIFT_EMIT_LOC_STRINGS = YES;
				SWIFT_VERSION = 5.0;
				TARGETED_DEVICE_FAMILY = 1;
			};
			name = Debug;
		};
		150942AA2E5A4E0C009F3847 /* Release */ = {
			isa = XCBuildConfiguration;
			buildSettings = {
				ASSETCATALOG_COMPILER_APPICON_NAME = AppIcon;
				ASSETCATALOG_COMPILER_GLOBAL_ACCENT_COLOR_NAME = AccentColor;
				ASSETCATALOG_COMPILER_INCLUDE_ALL_APPICON_ASSETS = YES;
				CODE_SIGN_STYLE = Automatic;
				CURRENT_PROJECT_VERSION = 1;
				DEVELOPMENT_ASSET_PATHS = "\"ThirtyDayMe/Preview Content\"";
				DEVELOPMENT_TEAM = RMV469Q2GF;
				ENABLE_PREVIEWS = YES;
				GENERATE_INFOPLIST_FILE = YES;
				INFOPLIST_KEY_CFBundleDisplayName = "30 Day Me";
				INFOPLIST_KEY_LSApplicationCategoryType = "public.app-category.education";
				INFOPLIST_KEY_UIApplicationSceneManifest_Generation = YES;
				INFOPLIST_KEY_UIApplicationSupportsIndirectInputEvents = YES;
				INFOPLIST_KEY_UILaunchScreen_Generation = YES;
				INFOPLIST_KEY_UIStatusBarStyle = "";
				INFOPLIST_KEY_UISupportedInterfaceOrientations = UIInterfaceOrientationPortrait;
				INFOPLIST_KEY_UISupportedInterfaceOrientations_iPad = "UIInterfaceOrientationLandscapeLeft UIInterfaceOrientationLandscapeRight UIInterfaceOrientationPortrait UIInterfaceOrientationPortraitUpsideDown";
				LD_RUNPATH_SEARCH_PATHS = (
					"$(inherited)",
					"@executable_path/Frameworks",
				);
				MARKETING_VERSION = 1.0;
				PRODUCT_BUNDLE_IDENTIFIER = ThirtyDayMe.ThirtyDayMe;
				PRODUCT_NAME = "$(TARGET_NAME)";
				SUPPORTED_PLATFORMS = "iphoneos iphonesimulator";
				SUPPORTS_MACCATALYST = NO;
				SUPPORTS_MAC_DESIGNED_FOR_IPHONE_IPAD = NO;
				SUPPORTS_XR_DESIGNED_FOR_IPHONE_IPAD = NO;
				SWIFT_EMIT_LOC_STRINGS = YES;
				SWIFT_VERSION = 5.0;
				TARGETED_DEVICE_FAMILY = 1;
			};
			name = Release;
		};
		150942AC2E5A4E0C009F3847 /* Debug */ = {
			isa = XCBuildConfiguration;
			buildSettings = {
				BUNDLE_LOADER = "$(TEST_HOST)";
				CODE_SIGN_STYLE = Automatic;
				CURRENT_PROJECT_VERSION = 1;
				DEVELOPMENT_TEAM = RMV469Q2GF;
				GENERATE_INFOPLIST_FILE = YES;
				IPHONEOS_DEPLOYMENT_TARGET = 18.2;
				MARKETING_VERSION = 1.0;
				PRODUCT_BUNDLE_IDENTIFIER = ThirtyDayMe.ThirtyDayMeTests;
				PRODUCT_NAME = "$(TARGET_NAME)";
				SWIFT_EMIT_LOC_STRINGS = NO;
				SWIFT_VERSION = 5.0;
				TARGETED_DEVICE_FAMILY = "1,2";
				TEST_HOST = "$(BUILT_PRODUCTS_DIR)/ThirtyDayMe.app/$(BUNDLE_EXECUTABLE_FOLDER_PATH)/ThirtyDayMe";
			};
			name = Debug;
		};
		150942AD2E5A4E0C009F3847 /* Release */ = {
			isa = XCBuildConfiguration;
			buildSettings = {
				BUNDLE_LOADER = "$(TEST_HOST)";
				CODE_SIGN_STYLE = Automatic;
				CURRENT_PROJECT_VERSION = 1;
				DEVELOPMENT_TEAM = RMV469Q2GF;
				GENERATE_INFOPLIST_FILE = YES;
				IPHONEOS_DEPLOYMENT_TARGET = 18.2;
				MARKETING_VERSION = 1.0;
				PRODUCT_BUNDLE_IDENTIFIER = ThirtyDayMe.ThirtyDayMeTests;
				PRODUCT_NAME = "$(TARGET_NAME)";
				SWIFT_EMIT_LOC_STRINGS = NO;
				SWIFT_VERSION = 5.0;
				TARGETED_DEVICE_FAMILY = "1,2";
				TEST_HOST = "$(BUILT_PRODUCTS_DIR)/ThirtyDayMe.app/$(BUNDLE_EXECUTABLE_FOLDER_PATH)/ThirtyDayMe";
			};
			name = Release;
		};
		150942AF2E5A4E0C009F3847 /* Debug */ = {
			isa = XCBuildConfiguration;
			buildSettings = {
				CODE_SIGN_STYLE = Automatic;
				CURRENT_PROJECT_VERSION = 1;
				DEVELOPMENT_TEAM = RMV469Q2GF;
				GENERATE_INFOPLIST_FILE = YES;
				MARKETING_VERSION = 1.0;
				PRODUCT_BUNDLE_IDENTIFIER = ThirtyDayMe.ThirtyDayMeUITests;
				PRODUCT_NAME = "$(TARGET_NAME)";
				SWIFT_EMIT_LOC_STRINGS = NO;
				SWIFT_VERSION = 5.0;
				TARGETED_DEVICE_FAMILY = "1,2";
				TEST_TARGET_NAME = ThirtyDayMe;
			};
			name = Debug;
		};
		150942B02E5A4E0C009F3847 /* Release */ = {
			isa = XCBuildConfiguration;
			buildSettings = {
				CODE_SIGN_STYLE = Automatic;
				CURRENT_PROJECT_VERSION = 1;
				DEVELOPMENT_TEAM = RMV469Q2GF;
				GENERATE_INFOPLIST_FILE = YES;
				MARKETING_VERSION = 1.0;
				PRODUCT_BUNDLE_IDENTIFIER = ThirtyDayMe.ThirtyDayMeUITests;
				PRODUCT_NAME = "$(TARGET_NAME)";
				SWIFT_EMIT_LOC_STRINGS = NO;
				SWIFT_VERSION = 5.0;
				TARGETED_DEVICE_FAMILY = "1,2";
				TEST_TARGET_NAME = ThirtyDayMe;
			};
			name = Release;
		};
/* End XCBuildConfiguration section */

/* Begin XCConfigurationList section */
		1509427D2E5A4E0B009F3847 /* Build configuration list for PBXProject "ThirtyDayMe" */ = {
			isa = XCConfigurationList;
			buildConfigurations = (
				150942A62E5A4E0C009F3847 /* Debug */,
				150942A72E5A4E0C009F3847 /* Release */,
			);
			defaultConfigurationIsVisible = 0;
			defaultConfigurationName = Release;
		};
		150942A82E5A4E0C009F3847 /* Build configuration list for PBXNativeTarget "ThirtyDayMe" */ = {
			isa = XCConfigurationList;
			buildConfigurations = (
				150942A92E5A4E0C009F3847 /* Debug */,
				150942AA2E5A4E0C009F3847 /* Release */,
			);
			defaultConfigurationIsVisible = 0;
			defaultConfigurationName = Release;
		};
		150942AB2E5A4E0C009F3847 /* Build configuration list for PBXNativeTarget "ThirtyDayMeTests" */ = {
			isa = XCConfigurationList;
			buildConfigurations = (
				150942AC2E5A4E0C009F3847 /* Debug */,
				150942AD2E5A4E0C009F3847 /* Release */,
			);
			defaultConfigurationIsVisible = 0;
			defaultConfigurationName = Release;
		};
		150942AE2E5A4E0C009F3847 /* Build configuration list for PBXNativeTarget "ThirtyDayMeUITests" */ = {
			isa = XCConfigurationList;
			buildConfigurations = (
				150942AF2E5A4E0C009F3847 /* Debug */,
				150942B02E5A4E0C009F3847 /* Release */,
			);
			defaultConfigurationIsVisible = 0;
			defaultConfigurationName = Release;
		};
/* End XCConfigurationList section */
	};
	rootObject = 1509427A2E5A4E0B009F3847 /* Project object */;
}
